// !$*UTF8*$!
{
	archiveVersion = 1;
	classes = {
	};
	objectVersion = 46;
	objects = {

/* Begin PBXBuildFile section */
		FED1C19B1CF514790084AAB2 /* Level.swift in Sources */ = {isa = PBXBuildFile; fileRef = FED1C19A1CF514790084AAB2 /* Level.swift */; };
		FED1C19D1CF5178A0084AAB2 /* GemColor.swift in Sources */ = {isa = PBXBuildFile; fileRef = FED1C19C1CF5178A0084AAB2 /* GemColor.swift */; };
		FEDC227F1CF3B4C0009A6B96 /* Gem.swift in Sources */ = {isa = PBXBuildFile; fileRef = FEDC227E1CF3B4C0009A6B96 /* Gem.swift */; };
		FEFB29EB1CF3A46D002B2BAF /* AppDelegate.swift in Sources */ = {isa = PBXBuildFile; fileRef = FEFB29EA1CF3A46D002B2BAF /* AppDelegate.swift */; };
		FEFB29ED1CF3A46D002B2BAF /* ViewController.swift in Sources */ = {isa = PBXBuildFile; fileRef = FEFB29EC1CF3A46D002B2BAF /* ViewController.swift */; };
		FEFB29F01CF3A46D002B2BAF /* Main.storyboard in Resources */ = {isa = PBXBuildFile; fileRef = FEFB29EE1CF3A46D002B2BAF /* Main.storyboard */; };
		FEFB29F21CF3A46D002B2BAF /* Assets.xcassets in Resources */ = {isa = PBXBuildFile; fileRef = FEFB29F11CF3A46D002B2BAF /* Assets.xcassets */; };
		FEFB29F51CF3A46D002B2BAF /* LaunchScreen.storyboard in Resources */ = {isa = PBXBuildFile; fileRef = FEFB29F31CF3A46D002B2BAF /* LaunchScreen.storyboard */; };
/* End PBXBuildFile section */

/* Begin PBXFileReference section */
		FED1C19A1CF514790084AAB2 /* Level.swift */ = {isa = PBXFileReference; fileEncoding = 4; lastKnownFileType = sourcecode.swift; path = Level.swift; sourceTree = "<group>"; };
		FED1C19C1CF5178A0084AAB2 /* GemColor.swift */ = {isa = PBXFileReference; fileEncoding = 4; lastKnownFileType = sourcecode.swift; path = GemColor.swift; sourceTree = "<group>"; };
		FEDC227E1CF3B4C0009A6B96 /* Gem.swift */ = {isa = PBXFileReference; fileEncoding = 4; lastKnownFileType = sourcecode.swift; path = Gem.swift; sourceTree = "<group>"; };
		FEFB29E71CF3A46D002B2BAF /* Gemicus.app */ = {isa = PBXFileReference; explicitFileType = wrapper.application; includeInIndex = 0; path = Gemicus.app; sourceTree = BUILT_PRODUCTS_DIR; };
		FEFB29EA1CF3A46D002B2BAF /* AppDelegate.swift */ = {isa = PBXFileReference; lastKnownFileType = sourcecode.swift; path = AppDelegate.swift; sourceTree = "<group>"; };
		FEFB29EC1CF3A46D002B2BAF /* ViewController.swift */ = {isa = PBXFileReference; lastKnownFileType = sourcecode.swift; path = ViewController.swift; sourceTree = "<group>"; wrapsLines = 0; };
		FEFB29EF1CF3A46D002B2BAF /* Base */ = {isa = PBXFileReference; lastKnownFileType = file.storyboard; name = Base; path = Base.lproj/Main.storyboard; sourceTree = "<group>"; };
		FEFB29F11CF3A46D002B2BAF /* Assets.xcassets */ = {isa = PBXFileReference; lastKnownFileType = folder.assetcatalog; path = Assets.xcassets; sourceTree = "<group>"; };
		FEFB29F41CF3A46D002B2BAF /* Base */ = {isa = PBXFileReference; lastKnownFileType = file.storyboard; name = Base; path = Base.lproj/LaunchScreen.storyboard; sourceTree = "<group>"; };
		FEFB29F61CF3A46D002B2BAF /* Info.plist */ = {isa = PBXFileReference; lastKnownFileType = text.plist.xml; path = Info.plist; sourceTree = "<group>"; };
/* End PBXFileReference section */

/* Begin PBXFrameworksBuildPhase section */
		FEFB29E41CF3A46D002B2BAF /* Frameworks */ = {
			isa = PBXFrameworksBuildPhase;
			buildActionMask = 2147483647;
			files = (
			);
			runOnlyForDeploymentPostprocessing = 0;
		};
/* End PBXFrameworksBuildPhase section */

/* Begin PBXGroup section */
		FEFB29DE1CF3A46D002B2BAF = {
			isa = PBXGroup;
			children = (
				FEFB29E91CF3A46D002B2BAF /* Gem */,
				FEFB29E81CF3A46D002B2BAF /* Products */,
			);
			sourceTree = "<group>";
		};
		FEFB29E81CF3A46D002B2BAF /* Products */ = {
			isa = PBXGroup;
			children = (
				FEFB29E71CF3A46D002B2BAF /* Gemicus.app */,
			);
			name = Products;
			sourceTree = "<group>";
		};
		FEFB29E91CF3A46D002B2BAF /* Gem */ = {
			isa = PBXGroup;
			children = (
				FEFB29EA1CF3A46D002B2BAF /* AppDelegate.swift */,
				FEFB29EC1CF3A46D002B2BAF /* ViewController.swift */,
				FEFB29EE1CF3A46D002B2BAF /* Main.storyboard */,
				FEFB29F11CF3A46D002B2BAF /* Assets.xcassets */,
				FEFB29F31CF3A46D002B2BAF /* LaunchScreen.storyboard */,
				FEFB29F61CF3A46D002B2BAF /* Info.plist */,
				FEDC227E1CF3B4C0009A6B96 /* Gem.swift */,
				FED1C19A1CF514790084AAB2 /* Level.swift */,
				FED1C19C1CF5178A0084AAB2 /* GemColor.swift */,
			);
			path = Gem;
			sourceTree = "<group>";
		};
/* End PBXGroup section */

/* Begin PBXNativeTarget section */
		FEFB29E61CF3A46D002B2BAF /* Gemicus */ = {
			isa = PBXNativeTarget;
			buildConfigurationList = FEFB29F91CF3A46D002B2BAF /* Build configuration list for PBXNativeTarget "Gemicus" */;
			buildPhases = (
				FEFB29E31CF3A46D002B2BAF /* Sources */,
				FEFB29E41CF3A46D002B2BAF /* Frameworks */,
				FEFB29E51CF3A46D002B2BAF /* Resources */,
			);
			buildRules = (
			);
			dependencies = (
			);
			name = Gemicus;
			productName = Gem;
			productReference = FEFB29E71CF3A46D002B2BAF /* Gemicus.app */;
			productType = "com.apple.product-type.application";
		};
/* End PBXNativeTarget section */

/* Begin PBXProject section */
		FEFB29DF1CF3A46D002B2BAF /* Project object */ = {
			isa = PBXProject;
			attributes = {
				LastSwiftUpdateCheck = 0730;
				LastUpgradeCheck = 0730;
				ORGANIZATIONNAME = "Dilan Jenkins";
				TargetAttributes = {
					FEFB29E61CF3A46D002B2BAF = {
						CreatedOnToolsVersion = 7.3.1;
						DevelopmentTeam = 85HMBST84J;
					};
				};
			};
			buildConfigurationList = FEFB29E21CF3A46D002B2BAF /* Build configuration list for PBXProject "Gemicus" */;
			compatibilityVersion = "Xcode 3.2";
			developmentRegion = English;
			hasScannedForEncodings = 0;
			knownRegions = (
				en,
				Base,
			);
			mainGroup = FEFB29DE1CF3A46D002B2BAF;
			productRefGroup = FEFB29E81CF3A46D002B2BAF /* Products */;
			projectDirPath = "";
			projectRoot = "";
			targets = (
				FEFB29E61CF3A46D002B2BAF /* Gemicus */,
			);
		};
/* End PBXProject section */

/* Begin PBXResourcesBuildPhase section */
		FEFB29E51CF3A46D002B2BAF /* Resources */ = {
			isa = PBXResourcesBuildPhase;
			buildActionMask = 2147483647;
			files = (
				FEFB29F51CF3A46D002B2BAF /* LaunchScreen.storyboard in Resources */,
				FEFB29F21CF3A46D002B2BAF /* Assets.xcassets in Resources */,
				FEFB29F01CF3A46D002B2BAF /* Main.storyboard in Resources */,
			);
			runOnlyForDeploymentPostprocessing = 0;
		};
/* End PBXResourcesBuildPhase section */

/* Begin PBXSourcesBuildPhase section */
		FEFB29E31CF3A46D002B2BAF /* Sources */ = {
			isa = PBXSourcesBuildPhase;
			buildActionMask = 2147483647;
			files = (
				FEFB29ED1CF3A46D002B2BAF /* ViewController.swift in Sources */,
				FEFB29EB1CF3A46D002B2BAF /* AppDelegate.swift in Sources */,
				FED1C19B1CF514790084AAB2 /* Level.swift in Sources */,
				FED1C19D1CF5178A0084AAB2 /* GemColor.swift in Sources */,
				FEDC227F1CF3B4C0009A6B96 /* Gem.swift in Sources */,
			);
			runOnlyForDeploymentPostprocessing = 0;
		};
/* End PBXSourcesBuildPhase section */

/* Begin PBXVariantGroup section */
		FEFB29EE1CF3A46D002B2BAF /* Main.storyboard */ = {
			isa = PBXVariantGroup;
			children = (
				FEFB29EF1CF3A46D002B2BAF /* Base */,
			);
			name = Main.storyboard;
			sourceTree = "<group>";
		};
		FEFB29F31CF3A46D002B2BAF /* LaunchScreen.storyboard */ = {
			isa = PBXVariantGroup;
			children = (
				FEFB29F41CF3A46D002B2BAF /* Base */,
			);
			name = LaunchScreen.storyboard;
			sourceTree = "<group>";
		};
/* End PBXVariantGroup section */

/* Begin XCBuildConfiguration section */
		FEFB29F71CF3A46D002B2BAF /* Debug */ = {
			isa = XCBuildConfiguration;
			buildSettings = {
				ALWAYS_SEARCH_USER_PATHS = NO;
				CLANG_ANALYZER_NONNULL = YES;
				CLANG_CXX_LANGUAGE_STANDARD = "gnu++0x";
				CLANG_CXX_LIBRARY = "libc++";
				CLANG_ENABLE_MODULES = YES;
				CLANG_ENABLE_OBJC_ARC = YES;
				CLANG_WARN_BOOL_CONVERSION = YES;
				CLANG_WARN_CONSTANT_CONVERSION = YES;
				CLANG_WARN_DIRECT_OBJC_ISA_USAGE = YES_ERROR;
				CLANG_WARN_EMPTY_BODY = YES;
				CLANG_WARN_ENUM_CONVERSION = YES;
				CLANG_WARN_INT_CONVERSION = YES;
				CLANG_WARN_OBJC_ROOT_CLASS = YES_ERROR;
				CLANG_WARN_UNREACHABLE_CODE = YES;
				CLANG_WARN__DUPLICATE_METHOD_MATCH = YES;
				"CODE_SIGN_IDENTITY[sdk=iphoneos*]" = "iPhone Developer";
				COPY_PHASE_STRIP = NO;
				DEBUG_INFORMATION_FORMAT = dwarf;
				ENABLE_STRICT_OBJC_MSGSEND = YES;
				ENABLE_TESTABILITY = YES;
				GCC_C_LANGUAGE_STANDARD = gnu99;
				GCC_DYNAMIC_NO_PIC = NO;
				GCC_NO_COMMON_BLOCKS = YES;
				GCC_OPTIMIZATION_LEVEL = 0;
				GCC_PREPROCESSOR_DEFINITIONS = (
					"DEBUG=1",
					"$(inherited)",
				);
				GCC_WARN_64_TO_32_BIT_CONVERSION = YES;
				GCC_WARN_ABOUT_RETURN_TYPE = YES_ERROR;
				GCC_WARN_UNDECLARED_SELECTOR = YES;
				GCC_WARN_UNINITIALIZED_AUTOS = YES_AGGRESSIVE;
				GCC_WARN_UNUSED_FUNCTION = YES;
				GCC_WARN_UNUSED_VARIABLE = YES;
				IPHONEOS_DEPLOYMENT_TARGET = 9.3;
				MTL_ENABLE_DEBUG_INFO = YES;
				ONLY_ACTIVE_ARCH = YES;
				SDKROOT = iphoneos;
				SWIFT_OPTIMIZATION_LEVEL = "-Onone";
				TARGETED_DEVICE_FAMILY = "1,2";
			};
			name = Debug;
		};
		FEFB29F81CF3A46D002B2BAF /* Release */ = {
			isa = XCBuildConfiguration;
			buildSettings = {
				ALWAYS_SEARCH_USER_PATHS = NO;
				CLANG_ANALYZER_NONNULL = YES;
				CLANG_CXX_LANGUAGE_STANDARD = "gnu++0x";
				CLANG_CXX_LIBRARY = "libc++";
				CLANG_ENABLE_MODULES = YES;
				CLANG_ENABLE_OBJC_ARC = YES;
				CLANG_WARN_BOOL_CONVERSION = YES;
				CLANG_WARN_CONSTANT_CONVERSION = YES;
				CLANG_WARN_DIRECT_OBJC_ISA_USAGE = YES_ERROR;
				CLANG_WARN_EMPTY_BODY = YES;
				CLANG_WARN_ENUM_CONVERSION = YES;
				CLANG_WARN_INT_CONVERSION = YES;
				CLANG_WARN_OBJC_ROOT_CLASS = YES_ERROR;
				CLANG_WARN_UNREACHABLE_CODE = YES;
				CLANG_WARN__DUPLICATE_METHOD_MATCH = YES;
				"CODE_SIGN_IDENTITY[sdk=iphoneos*]" = "iPhone Developer";
				COPY_PHASE_STRIP = NO;
				DEBUG_INFORMATION_FORMAT = "dwarf-with-dsym";
				ENABLE_NS_ASSERTIONS = NO;
				ENABLE_STRICT_OBJC_MSGSEND = YES;
				GCC_C_LANGUAGE_STANDARD = gnu99;
				GCC_NO_COMMON_BLOCKS = YES;
				GCC_WARN_64_TO_32_BIT_CONVERSION = YES;
				GCC_WARN_ABOUT_RETURN_TYPE = YES_ERROR;
				GCC_WARN_UNDECLARED_SELECTOR = YES;
				GCC_WARN_UNINITIALIZED_AUTOS = YES_AGGRESSIVE;
				GCC_WARN_UNUSED_FUNCTION = YES;
				GCC_WARN_UNUSED_VARIABLE = YES;
				IPHONEOS_DEPLOYMENT_TARGET = 9.3;
				MTL_ENABLE_DEBUG_INFO = NO;
				SDKROOT = iphoneos;
				TARGETED_DEVICE_FAMILY = "1,2";
				VALIDATE_PRODUCT = YES;
			};
			name = Release;
		};
		FEFB29FA1CF3A46D002B2BAF /* Debug */ = {
			isa = XCBuildConfiguration;
			buildSettings = {
				ASSETCATALOG_COMPILER_APPICON_NAME = AppIcon;
				CODE_SIGN_IDENTITY = "iPhone Developer";
				"CODE_SIGN_IDENTITY[sdk=iphoneos*]" = "iPhone Developer";
				INFOPLIST_FILE = Gem/Info.plist;
				LD_RUNPATH_SEARCH_PATHS = "$(inherited) @executable_path/Frameworks";
				PRODUCT_BUNDLE_IDENTIFIER = com.studyoclock.Gem;
				PRODUCT_NAME = Gemicus;
				PROVISIONING_PROFILE = "";
			};
			name = Debug;
		};
		FEFB29FB1CF3A46D002B2BAF /* Release */ = {
			isa = XCBuildConfiguration;
			buildSettings = {
				ASSETCATALOG_COMPILER_APPICON_NAME = AppIcon;
				CODE_SIGN_IDENTITY = "iPhone Developer";
				"CODE_SIGN_IDENTITY[sdk=iphoneos*]" = "iPhone Developer";
				INFOPLIST_FILE = Gem/Info.plist;
				LD_RUNPATH_SEARCH_PATHS = "$(inherited) @executable_path/Frameworks";
				PRODUCT_BUNDLE_IDENTIFIER = com.studyoclock.Gem;
				PRODUCT_NAME = Gemicus;
				PROVISIONING_PROFILE = "";
			};
			name = Release;
		};
/* End XCBuildConfiguration section */

/* Begin XCConfigurationList section */
		FEFB29E21CF3A46D002B2BAF /* Build configuration list for PBXProject "Gemicus" */ = {
			isa = XCConfigurationList;
			buildConfigurations = (
				FEFB29F71CF3A46D002B2BAF /* Debug */,
				FEFB29F81CF3A46D002B2BAF /* Release */,
			);
			defaultConfigurationIsVisible = 0;
			defaultConfigurationName = Release;
		};
		FEFB29F91CF3A46D002B2BAF /* Build configuration list for PBXNativeTarget "Gemicus" */ = {
			isa = XCConfigurationList;
			buildConfigurations = (
				FEFB29FA1CF3A46D002B2BAF /* Debug */,
				FEFB29FB1CF3A46D002B2BAF /* Release */,
			);
			defaultConfigurationIsVisible = 0;
			defaultConfigurationName = Release;
		};
/* End XCConfigurationList section */
	};
	rootObject = FEFB29DF1CF3A46D002B2BAF /* Project object */;
}
